
Microsoft Visual Studio Solution File, Format Version 12.00
# Visual Studio Version 16
VisualStudioVersion = 16.0.29306.81
MinimumVisualStudioVersion = 10.0.40219.1
Project("{9A19103F-16F7-4668-BE54-9A1E7A4F7556}") = "1.Gpio", "1.Gpio\1.Gpio.csproj", "{F83C1A42-CFD3-4450-83B6-DE0484F03C31}"
EndProject
Project("{9A19103F-16F7-4668-BE54-9A1E7A4F7556}") = "2.Dht22", "2.Dht22\2.Dht22.csproj", "{B481D1EA-C7AC-40C1-8DAE-55FE7B085059}"
EndProject
Project("{9A19103F-16F7-4668-BE54-9A1E7A4F7556}") = "3.I2C", "3.I2C\3.I2C.csproj", "{4B50AC7F-1BC3-4268-BE22-3567F9B66A8A}"
EndProject
Project("{9A19103F-16F7-4668-BE54-9A1E7A4F7556}") = "4.UART", "4.UART\4.UART.csproj", "{846194DE-FEFE-4806-915D-05D89902034C}"
EndProject
Project("{9A19103F-16F7-4668-BE54-9A1E7A4F7556}") = "5.SPI", "5.SPI\5.SPI.csproj", "{6C455C71-7FA6-46C4-9366-47CC926A3F9C}"
EndProject
Project("{9A19103F-16F7-4668-BE54-9A1E7A4F7556}") = "6.PWM", "6.PWM\6.PWM.csproj", "{EE0C30ED-780C-4929-86D5-F9174AABD109}"
EndProject
Project("{9A19103F-16F7-4668-BE54-9A1E7A4F7556}") = "LCD1602", "Other\LCD1602\LCD1602.csproj", "{1578B14D-1CF0-4470-8475-ED65339C3BCE}"
EndProject
Project("{2150E333-8FDC-42A3-9474-1A3956D46DE8}") = "Other", "Other", "{D3F79A59-628F-49FD-9C55-FC6A6370F912}"
EndProject
Global
	GlobalSection(SolutionConfigurationPlatforms) = preSolution
		Debug|Any CPU = Debug|Any CPU
		Release|Any CPU = Release|Any CPU
	EndGlobalSection
	GlobalSection(ProjectConfigurationPlatforms) = postSolution
		{F83C1A42-CFD3-4450-83B6-DE0484F03C31}.Debug|Any CPU.ActiveCfg = Debug|Any CPU
		{F83C1A42-CFD3-4450-83B6-DE0484F03C31}.Debug|Any CPU.Build.0 = Debug|Any CPU
		{F83C1A42-CFD3-4450-83B6-DE0484F03C31}.Release|Any CPU.ActiveCfg = Release|Any CPU
		{F83C1A42-CFD3-4450-83B6-DE0484F03C31}.Release|Any CPU.Build.0 = Release|Any CPU
		{B481D1EA-C7AC-40C1-8DAE-55FE7B085059}.Debug|Any CPU.ActiveCfg = Debug|Any CPU
		{B481D1EA-C7AC-40C1-8DAE-55FE7B085059}.Debug|Any CPU.Build.0 = Debug|Any CPU
		{B481D1EA-C7AC-40C1-8DAE-55FE7B085059}.Release|Any CPU.ActiveCfg = Release|Any CPU
		{B481D1EA-C7AC-40C1-8DAE-55FE7B085059}.Release|Any CPU.Build.0 = Release|Any CPU
		{4B50AC7F-1BC3-4268-BE22-3567F9B66A8A}.Debug|Any CPU.ActiveCfg = Debug|Any CPU
		{4B50AC7F-1BC3-4268-BE22-3567F9B66A8A}.Debug|Any CPU.Build.0 = Debug|Any CPU
		{4B50AC7F-1BC3-4268-BE22-3567F9B66A8A}.Release|Any CPU.ActiveCfg = Release|Any CPU
		{4B50AC7F-1BC3-4268-BE22-3567F9B66A8A}.Release|Any CPU.Build.0 = Release|Any CPU
		{846194DE-FEFE-4806-915D-05D89902034C}.Debug|Any CPU.ActiveCfg = Debug|Any CPU
		{846194DE-FEFE-4806-915D-05D89902034C}.Debug|Any CPU.Build.0 = Debug|Any CPU
		{846194DE-FEFE-4806-915D-05D89902034C}.Release|Any CPU.ActiveCfg = Release|Any CPU
		{846194DE-FEFE-4806-915D-05D89902034C}.Release|Any CPU.Build.0 = Release|Any CPU
		{6C455C71-7FA6-46C4-9366-47CC926A3F9C}.Debug|Any CPU.ActiveCfg = Debug|Any CPU
		{6C455C71-7FA6-46C4-9366-47CC926A3F9C}.Debug|Any CPU.Build.0 = Debug|Any CPU
		{6C455C71-7FA6-46C4-9366-47CC926A3F9C}.Release|Any CPU.ActiveCfg = Release|Any CPU
		{6C455C71-7FA6-46C4-9366-47CC926A3F9C}.Release|Any CPU.Build.0 = Release|Any CPU
		{EE0C30ED-780C-4929-86D5-F9174AABD109}.Debug|Any CPU.ActiveCfg = Debug|Any CPU
		{EE0C30ED-780C-4929-86D5-F9174AABD109}.Debug|Any CPU.Build.0 = Debug|Any CPU
		{EE0C30ED-780C-4929-86D5-F9174AABD109}.Release|Any CPU.ActiveCfg = Release|Any CPU
		{EE0C30ED-780C-4929-86D5-F9174AABD109}.Release|Any CPU.Build.0 = Release|Any CPU
		{1578B14D-1CF0-4470-8475-ED65339C3BCE}.Debug|Any CPU.ActiveCfg = Debug|Any CPU
		{1578B14D-1CF0-4470-8475-ED65339C3BCE}.Debug|Any CPU.Build.0 = Debug|Any CPU
		{1578B14D-1CF0-4470-8475-ED65339C3BCE}.Release|Any CPU.ActiveCfg = Release|Any CPU
		{1578B14D-1CF0-4470-8475-ED65339C3BCE}.Release|Any CPU.Build.0 = Release|Any CPU
	EndGlobalSection
	GlobalSection(SolutionProperties) = preSolution
		HideSolutionNode = FALSE
	EndGlobalSection
	GlobalSection(NestedProjects) = preSolution
		{1578B14D-1CF0-4470-8475-ED65339C3BCE} = {D3F79A59-628F-49FD-9C55-FC6A6370F912}
	EndGlobalSection
	GlobalSection(ExtensibilityGlobals) = postSolution
		SolutionGuid = {D65B8A47-8623-4E85-8C92-134F8B4EAA93}
	EndGlobalSection
EndGlobal
